
Microsoft Visual Studio Solution File, Format Version 12.00
# Visual Studio 15
Project("{FAE04EC0-301F-11D3-BF4B-00C04F79EFBC}") = "Assembly-CSharp", "Assembly-CSharp.csproj", "{018FD150-46A4-1E17-64C3-B1611D858F1A}"
EndProject
Project("{FAE04EC0-301F-11D3-BF4B-00C04F79EFBC}") = "Assembly-CSharp-Editor", "Assembly-CSharp-Editor.csproj", "{4CF7AC0A-3465-6366-40F6-6D598DA44AF9}"
EndProject
Global
	GlobalSection(SolutionConfigurationPlatforms) = preSolution
		Debug|Any CPU = Debug|Any CPU
		Release|Any CPU = Release|Any CPU
	EndGlobalSection
	GlobalSection(ProjectConfigurationPlatforms) = postSolution
		{018FD150-46A4-1E17-64C3-B1611D858F1A}.Debug|Any CPU.ActiveCfg = Debug|Any CPU
		{018FD150-46A4-1E17-64C3-B1611D858F1A}.Debug|Any CPU.Build.0 = Debug|Any CPU
		{018FD150-46A4-1E17-64C3-B1611D858F1A}.Release|Any CPU.ActiveCfg = Release|Any CPU
		{018FD150-46A4-1E17-64C3-B1611D858F1A}.Release|Any CPU.Build.0 = Release|Any CPU
		{4CF7AC0A-3465-6366-40F6-6D598DA44AF9}.Debug|Any CPU.ActiveCfg = Debug|Any CPU
		{4CF7AC0A-3465-6366-40F6-6D598DA44AF9}.Debug|Any CPU.Build.0 = Debug|Any CPU
		{4CF7AC0A-3465-6366-40F6-6D598DA44AF9}.Release|Any CPU.ActiveCfg = Release|Any CPU
		{4CF7AC0A-3465-6366-40F6-6D598DA44AF9}.Release|Any CPU.Build.0 = Release|Any CPU
	EndGlobalSection
	GlobalSection(SolutionProperties) = preSolution
		HideSolutionNode = FALSE
	EndGlobalSection
EndGlobal
